
Microsoft Visual Studio Solution File, Format Version 12.00
# Visual Studio Version 17
VisualStudioVersion = 17.3.32819.101
MinimumVisualStudioVersion = 10.0.40219.1
Project("{9A19103F-16F7-4668-BE54-9A1E7A4F7556}") = "StrawberrySignSystem", "WebApplication3\StrawberrySignSystem.csproj", "{90D93459-48F5-46C2-A5E7-B5A9F74084A4}"
EndProject
Project("{9A19103F-16F7-4668-BE54-9A1E7A4F7556}") = "CommonLibrary", "CommonLibrary\CommonLibrary.csproj", "{8002CDD9-A5E4-44C9-8677-D63E7A2DB9DA}"
EndProject
Project("{9A19103F-16F7-4668-BE54-9A1E7A4F7556}") = "WebDAL", "WebDAL\WebDAL.csproj", "{97D48DD1-C068-4B2A-840F-CBCEE8075BEA}"
EndProject
Project("{9A19103F-16F7-4668-BE54-9A1E7A4F7556}") = "WebModel", "WebModel\WebModel.csproj", "{A18CE67A-0D78-4C7B-9187-163F7251A7EF}"
EndProject
Project("{FAE04EC0-301F-11D3-BF4B-00C04F79EFBC}") = "WebBLL", "WebBLL\WebBLL.csproj", "{1DF324E0-BBEB-49EF-AE88-C43BEEC2E09E}"
EndProject
Global
	GlobalSection(SolutionConfigurationPlatforms) = preSolution
		Debug|Any CPU = Debug|Any CPU
		Release|Any CPU = Release|Any CPU
	EndGlobalSection
	GlobalSection(ProjectConfigurationPlatforms) = postSolution
		{90D93459-48F5-46C2-A5E7-B5A9F74084A4}.Debug|Any CPU.ActiveCfg = Debug|Any CPU
		{90D93459-48F5-46C2-A5E7-B5A9F74084A4}.Debug|Any CPU.Build.0 = Debug|Any CPU
		{90D93459-48F5-46C2-A5E7-B5A9F74084A4}.Release|Any CPU.ActiveCfg = Release|Any CPU
		{90D93459-48F5-46C2-A5E7-B5A9F74084A4}.Release|Any CPU.Build.0 = Release|Any CPU
		{8002CDD9-A5E4-44C9-8677-D63E7A2DB9DA}.Debug|Any CPU.ActiveCfg = Debug|Any CPU
		{8002CDD9-A5E4-44C9-8677-D63E7A2DB9DA}.Debug|Any CPU.Build.0 = Debug|Any CPU
		{8002CDD9-A5E4-44C9-8677-D63E7A2DB9DA}.Release|Any CPU.ActiveCfg = Release|Any CPU
		{8002CDD9-A5E4-44C9-8677-D63E7A2DB9DA}.Release|Any CPU.Build.0 = Release|Any CPU
		{97D48DD1-C068-4B2A-840F-CBCEE8075BEA}.Debug|Any CPU.ActiveCfg = Debug|Any CPU
		{97D48DD1-C068-4B2A-840F-CBCEE8075BEA}.Debug|Any CPU.Build.0 = Debug|Any CPU
		{97D48DD1-C068-4B2A-840F-CBCEE8075BEA}.Release|Any CPU.ActiveCfg = Release|Any CPU
		{97D48DD1-C068-4B2A-840F-CBCEE8075BEA}.Release|Any CPU.Build.0 = Release|Any CPU
		{A18CE67A-0D78-4C7B-9187-163F7251A7EF}.Debug|Any CPU.ActiveCfg = Debug|Any CPU
		{A18CE67A-0D78-4C7B-9187-163F7251A7EF}.Debug|Any CPU.Build.0 = Debug|Any CPU
		{A18CE67A-0D78-4C7B-9187-163F7251A7EF}.Release|Any CPU.ActiveCfg = Release|Any CPU
		{A18CE67A-0D78-4C7B-9187-163F7251A7EF}.Release|Any CPU.Build.0 = Release|Any CPU
		{1DF324E0-BBEB-49EF-AE88-C43BEEC2E09E}.Debug|Any CPU.ActiveCfg = Debug|Any CPU
		{1DF324E0-BBEB-49EF-AE88-C43BEEC2E09E}.Debug|Any CPU.Build.0 = Debug|Any CPU
		{1DF324E0-BBEB-49EF-AE88-C43BEEC2E09E}.Release|Any CPU.ActiveCfg = Release|Any CPU
		{1DF324E0-BBEB-49EF-AE88-C43BEEC2E09E}.Release|Any CPU.Build.0 = Release|Any CPU
	EndGlobalSection
	GlobalSection(SolutionProperties) = preSolution
		HideSolutionNode = FALSE
	EndGlobalSection
	GlobalSection(ExtensibilityGlobals) = postSolution
		SolutionGuid = {AD9CCE76-DA8A-4E0A-AEB2-72F0431E42CF}
	EndGlobalSection
EndGlobal
